<?xml version="1.0" encoding="utf-8"?>
<Project ToolsVersion="4.0" xmlns="http://schemas.microsoft.com/developer/msbuild/2003">
  <ItemGroup>
    <Filter Include="Source Files">
      <UniqueIdentifier>{4FC737F1-C7A5-4376-A066-2A32D752A2FF}</UniqueIdentifier>
      <Extensions>cpp;c;cc;cxx;def;odl;idl;hpj;bat;asm;asmx</Extensions>
    </Filter>
    <Filter Include="Header Files">
      <UniqueIdentifier>{93995380-89BD-4b04-88EB-625FBE52EBFB}</UniqueIdentifier>
      <Extensions>h;hh;hpp;hxx;hm;inl;inc;xsd</Extensions>
    </Filter>
    <Filter Include="Resource Files">
      <UniqueIdentifier>{67DA6AB6-F800-4c08-8B7A-83BB121AAD01}</UniqueIdentifier>
      <Extensions>rc;ico;cur;bmp;dlg;rc2;rct;bin;rgs;gif;jpg;jpeg;jpe;resx;tiff;tif;png;wav;mfcribbon-ms</Extensions>
    </Filter>
    <Filter Include="Resources">
      <UniqueIdentifier>{46d95149-0c5b-42d7-946c-22de43709607}</UniqueIdentifier>
    </Filter>
    <Filter Include="Header Files\ifcengine">
      <UniqueIdentifier>{b066598a-7273-4689-8b31-10a57a05254e}</UniqueIdentifier>
    </Filter>
    <Filter Include="Header Files\ifcengine\include">
      <UniqueIdentifier>{b500a2cb-4c37-47b1-a76a-1bdc00e35351}</UniqueIdentifier>
    </Filter>
  </ItemGroup>
  <ItemGroup>
    <Text Include="ReadMe.txt" />
  </ItemGroup>
  <ItemGroup>
    <ClInclude Include="stdafx.h">
      <Filter>Header Files</Filter>
    </ClInclude>
    <ClInclude Include="targetver.h">
      <Filter>Header Files</Filter>
    </ClInclude>
    <ClInclude Include="bin2js.h">
      <Filter>Header Files</Filter>
    </ClInclude>
    <ClInclude Include="RDFClass.h">
      <Filter>Header Files</Filter>
    </ClInclude>
    <ClInclude Include="RDFInstance.h">
      <Filter>Header Files</Filter>
    </ClInclude>
    <ClInclude Include="RDFModel.h">
      <Filter>Header Files</Filter>
    </ClInclude>
    <ClInclude Include="RDFProperty.h">
      <Filter>Header Files</Filter>
    </ClInclude>
    <ClInclude Include="RDFPropertyRestriction.h">
      <Filter>Header Files</Filter>
    </ClInclude>
    <ClInclude Include="Generic.h">
      <Filter>Header Files</Filter>
    </ClInclude>
    <ClInclude Include="BoolRDFProperty.h">
      <Filter>Header Files</Filter>
    </ClInclude>
    <ClInclude Include="DoubleRDFProperty.h">
      <Filter>Header Files</Filter>
    </ClInclude>
    <ClInclude Include="IntRDFProperty.h">
      <Filter>Header Files</Filter>
    </ClInclude>
    <ClInclude Include="ObjectRDFProperty.h">
      <Filter>Header Files</Filter>
    </ClInclude>
    <ClInclude Include="StringRDFProperty.h">
      <Filter>Header Files</Filter>
    </ClInclude>
    <ClInclude Include="resource.h">
      <Filter>Header Files</Filter>
    </ClInclude>
    <ClInclude Include="..\..\Common\texture.h">
      <Filter>Header Files</Filter>
    </ClInclude>
    <ClInclude Include="..\..\Common\jsbuilder.h">
      <Filter>Header Files</Filter>
    </ClInclude>
    <ClInclude Include="ifcengine\include\engdef.h">
      <Filter>Header Files\ifcengine\include</Filter>
    </ClInclude>
    <ClInclude Include="ifcengine\include\engine.h">
      <Filter>Header Files\ifcengine\include</Filter>
    </ClInclude>
    <ClInclude Include="ifcengine\include\ifcengine.h">
      <Filter>Header Files\ifcengine\include</Filter>
    </ClInclude>
  </ItemGroup>
  <ItemGroup>
    <ClCompile Include="stdafx.cpp">
      <Filter>Source Files</Filter>
    </ClCompile>
    <ClCompile Include="bin2js.cpp">
      <Filter>Source Files</Filter>
    </ClCompile>
    <ClCompile Include="dllmain.cpp">
      <Filter>Source Files</Filter>
    </ClCompile>
    <ClCompile Include="RDFClass.cpp">
      <Filter>Source Files</Filter>
    </ClCompile>
    <ClCompile Include="RDFInstance.cpp">
      <Filter>Source Files</Filter>
    </ClCompile>
    <ClCompile Include="RDFModel.cpp">
      <Filter>Source Files</Filter>
    </ClCompile>
    <ClCompile Include="RDFProperty.cpp">
      <Filter>Source Files</Filter>
    </ClCompile>
    <ClCompile Include="RDFPropertyRestriction.cpp">
      <Filter>Source Files</Filter>
    </ClCompile>
    <ClCompile Include="BoolRDFProperty.cpp">
      <Filter>Source Files</Filter>
    </ClCompile>
    <ClCompile Include="DoubleRDFProperty.cpp">
      <Filter>Source Files</Filter>
    </ClCompile>
    <ClCompile Include="IntRDFProperty.cpp">
      <Filter>Source Files</Filter>
    </ClCompile>
    <ClCompile Include="ObjectRDFProperty.cpp">
      <Filter>Source Files</Filter>
    </ClCompile>
    <ClCompile Include="StringRDFProperty.cpp">
      <Filter>Source Files</Filter>
    </ClCompile>
  </ItemGroup>
  <ItemGroup>
    <None Include="bin2js.def">
      <Filter>Source Files</Filter>
    </None>
  </ItemGroup>
  <ItemGroup>
    <Image Include="Resources\texture.png">
      <Filter>Resources</Filter>
    </Image>
  </ItemGroup>
  <ItemGroup>
    <ResourceCompile Include="bin2js.rc">
      <Filter>Resource Files</Filter>
    </ResourceCompile>
  </ItemGroup>
</Project>