
Microsoft Visual Studio Solution File, Format Version 12.00
# Visual Studio Version 17
VisualStudioVersion = 17.9.34616.47
MinimumVisualStudioVersion = 10.0.40219.1
Project("{FAE04EC0-301F-11D3-BF4B-00C04F79EFBC}") = "IfcViewer_Xamarin_Android", "IfcViewer_Xamarin_Android\IfcViewer_Xamarin_Android.csproj", "{33676E69-C6FF-4406-89D7-B4B8A22BC2A2}"
EndProject
Global
	GlobalSection(SolutionConfigurationPlatforms) = preSolution
		Debug|Any CPU = Debug|Any CPU
		Release|Any CPU = Release|Any CPU
	EndGlobalSection
	GlobalSection(ProjectConfigurationPlatforms) = postSolution
		{33676E69-C6FF-4406-89D7-B4B8A22BC2A2}.Debug|Any CPU.ActiveCfg = Debug|Any CPU
		{33676E69-C6FF-4406-89D7-B4B8A22BC2A2}.Debug|Any CPU.Build.0 = Debug|Any CPU
		{33676E69-C6FF-4406-89D7-B4B8A22BC2A2}.Debug|Any CPU.Deploy.0 = Debug|Any CPU
		{33676E69-C6FF-4406-89D7-B4B8A22BC2A2}.Release|Any CPU.ActiveCfg = Release|Any CPU
		{33676E69-C6FF-4406-89D7-B4B8A22BC2A2}.Release|Any CPU.Build.0 = Release|Any CPU
		{33676E69-C6FF-4406-89D7-B4B8A22BC2A2}.Release|Any CPU.Deploy.0 = Release|Any CPU
	EndGlobalSection
	GlobalSection(SolutionProperties) = preSolution
		HideSolutionNode = FALSE
	EndGlobalSection
	GlobalSection(ExtensibilityGlobals) = postSolution
		SolutionGuid = {B3DEBA00-E36A-43D2-A84F-AD2871DE3C93}
	EndGlobalSection
EndGlobal
