<?xml version="1.0" encoding="utf-8"?>
<Project ToolsVersion="4.0" xmlns="http://schemas.microsoft.com/developer/msbuild/2003">
  <ItemGroup>
    <Filter Include="Source Files">
      <UniqueIdentifier>{24e89778-fdc0-48ea-8fd7-b65c258b0129}</UniqueIdentifier>
      <Extensions>cpp;c;cxx;rc;def;r;odl;idl;hpj;bat</Extensions>
    </Filter>
    <Filter Include="Header Files">
      <UniqueIdentifier>{9de65e73-7eaf-4816-9ace-05a94470b23f}</UniqueIdentifier>
      <Extensions>h;hpp;hxx;hm;inl</Extensions>
    </Filter>
    <Filter Include="Resource Files">
      <UniqueIdentifier>{06d91f13-8685-4985-b2c1-87f9045d68ef}</UniqueIdentifier>
      <Extensions>ico;cur;bmp;dlg;rc2;rct;bin;rgs;gif;jpg;jpeg;jpe</Extensions>
    </Filter>
  </ItemGroup>
  <ItemGroup>
    <ClCompile Include="baseIfc.cpp">
      <Filter>Source Files</Filter>
    </ClCompile>
    <ClCompile Include="baseIfcObject.cpp">
      <Filter>Source Files</Filter>
    </ClCompile>
    <ClCompile Include="boundingBoxIfc.cpp">
      <Filter>Source Files</Filter>
    </ClCompile>
    <ClCompile Include="BRepIfc.cpp">
      <Filter>Source Files</Filter>
    </ClCompile>
    <ClCompile Include="extrudedPolygonIfc.cpp">
      <Filter>Source Files</Filter>
    </ClCompile>
    <ClCompile Include="miniExample.cpp">
      <Filter>Source Files</Filter>
    </ClCompile>
    <ClCompile Include="miniExampleDlg.cpp">
      <Filter>Source Files</Filter>
    </ClCompile>
    <ClCompile Include="propertiesIfc.cpp">
      <Filter>Source Files</Filter>
    </ClCompile>
    <ClCompile Include="StdAfx.cpp">
      <Filter>Source Files</Filter>
    </ClCompile>
  </ItemGroup>
  <ItemGroup>
    <ResourceCompile Include="miniExample.rc">
      <Filter>Source Files</Filter>
    </ResourceCompile>
  </ItemGroup>
  <ItemGroup>
    <ClInclude Include="baseIfc.h">
      <Filter>Header Files</Filter>
    </ClInclude>
    <ClInclude Include="baseIfcObject.h">
      <Filter>Header Files</Filter>
    </ClInclude>
    <ClInclude Include="boundingBoxIfc.h">
      <Filter>Header Files</Filter>
    </ClInclude>
    <ClInclude Include="BRepIfc.h">
      <Filter>Header Files</Filter>
    </ClInclude>
    <ClInclude Include="extrudedPolygonIfc.h">
      <Filter>Header Files</Filter>
    </ClInclude>
    <ClInclude Include="IFCEngine.h">
      <Filter>Header Files</Filter>
    </ClInclude>
    <ClInclude Include="miniExample.h">
      <Filter>Header Files</Filter>
    </ClInclude>
    <ClInclude Include="miniExampleDlg.h">
      <Filter>Header Files</Filter>
    </ClInclude>
    <ClInclude Include="propertiesIfc.h">
      <Filter>Header Files</Filter>
    </ClInclude>
    <ClInclude Include="Resource.h">
      <Filter>Header Files</Filter>
    </ClInclude>
    <ClInclude Include="StdAfx.h">
      <Filter>Header Files</Filter>
    </ClInclude>
  </ItemGroup>
  <ItemGroup>
    <None Include="res\bitmap1.bmp">
      <Filter>Resource Files</Filter>
    </None>
    <None Include="res\bitmap2.bmp">
      <Filter>Resource Files</Filter>
    </None>
    <None Include="res\bitmap3.bmp">
      <Filter>Resource Files</Filter>
    </None>
    <None Include="res\bitmap4.bmp">
      <Filter>Resource Files</Filter>
    </None>
    <None Include="res\bitmap5.bmp">
      <Filter>Resource Files</Filter>
    </None>
    <None Include="res\bitmap6.bmp">
      <Filter>Resource Files</Filter>
    </None>
    <None Include="res\bitmap7.bmp">
      <Filter>Resource Files</Filter>
    </None>
    <None Include="res\bitmap8.bmp">
      <Filter>Resource Files</Filter>
    </None>
    <None Include="res\complex example.bmp">
      <Filter>Resource Files</Filter>
    </None>
    <None Include="res\level_II.bmp">
      <Filter>Resource Files</Filter>
    </None>
    <None Include="res\miniExample.ico">
      <Filter>Resource Files</Filter>
    </None>
    <None Include="res\miniExample.rc2">
      <Filter>Resource Files</Filter>
    </None>
    <None Include="ReadMe.txt" />
  </ItemGroup>
</Project>