<?xml version="1.0" encoding="utf-8"?>
<Project ToolsVersion="4.0" xmlns="http://schemas.microsoft.com/developer/msbuild/2003">
  <ItemGroup>
    <Filter Include="Source Files">
      <UniqueIdentifier>{4FC737F1-C7A5-4376-A066-2A32D752A2FF}</UniqueIdentifier>
      <Extensions>cpp;c;cc;cxx;def;odl;idl;hpj;bat;asm;asmx</Extensions>
    </Filter>
    <Filter Include="Header Files">
      <UniqueIdentifier>{93995380-89BD-4b04-88EB-625FBE52EBFB}</UniqueIdentifier>
      <Extensions>h;hh;hpp;hxx;hm;inl;inc;xsd</Extensions>
    </Filter>
    <Filter Include="Resource Files">
      <UniqueIdentifier>{67DA6AB6-F800-4c08-8B7A-83BB121AAD01}</UniqueIdentifier>
      <Extensions>rc;ico;cur;bmp;dlg;rc2;rct;bin;rgs;gif;jpg;jpeg;jpe;resx;tiff;tif;png;wav;mfcribbon-ms</Extensions>
    </Filter>
    <Filter Include="Header Files\stepengine">
      <UniqueIdentifier>{c2abcba9-15c8-4af3-9f51-351bf58a2ec3}</UniqueIdentifier>
    </Filter>
    <Filter Include="Header Files\stepengine\include">
      <UniqueIdentifier>{c380c075-b87e-4d0f-8dec-8f5bf3985d91}</UniqueIdentifier>
    </Filter>
  </ItemGroup>
  <ItemGroup>
    <Text Include="ReadMe.txt" />
  </ItemGroup>
  <ItemGroup>
    <ClInclude Include="RepairMeshes.h">
      <Filter>Header Files</Filter>
    </ClInclude>
    <ClInclude Include="RepairMeshesDlg.h">
      <Filter>Header Files</Filter>
    </ClInclude>
    <ClInclude Include="stdafx.h">
      <Filter>Header Files</Filter>
    </ClInclude>
    <ClInclude Include="targetver.h">
      <Filter>Header Files</Filter>
    </ClInclude>
    <ClInclude Include="Resource.h">
      <Filter>Header Files</Filter>
    </ClInclude>
    <ClInclude Include="SimpleTriangleStructure.h">
      <Filter>Header Files</Filter>
    </ClInclude>
    <ClInclude Include="Step1.h">
      <Filter>Header Files</Filter>
    </ClInclude>
    <ClInclude Include="Step2.h">
      <Filter>Header Files</Filter>
    </ClInclude>
    <ClInclude Include="Step3.h">
      <Filter>Header Files</Filter>
    </ClInclude>
    <ClInclude Include="Step4.h">
      <Filter>Header Files</Filter>
    </ClInclude>
    <ClInclude Include="flagbits.h">
      <Filter>Header Files</Filter>
    </ClInclude>
    <ClInclude Include="stepengine\include\engdef.h">
      <Filter>Header Files\stepengine\include</Filter>
    </ClInclude>
    <ClInclude Include="stepengine\include\engine.h">
      <Filter>Header Files\stepengine\include</Filter>
    </ClInclude>
    <ClInclude Include="stepengine\include\stepengine.h">
      <Filter>Header Files\stepengine\include</Filter>
    </ClInclude>
  </ItemGroup>
  <ItemGroup>
    <ClCompile Include="RepairMeshes.cpp">
      <Filter>Source Files</Filter>
    </ClCompile>
    <ClCompile Include="RepairMeshesDlg.cpp">
      <Filter>Source Files</Filter>
    </ClCompile>
    <ClCompile Include="stdafx.cpp">
      <Filter>Source Files</Filter>
    </ClCompile>
    <ClCompile Include="Step1.cpp">
      <Filter>Source Files</Filter>
    </ClCompile>
    <ClCompile Include="Step2.cpp">
      <Filter>Source Files</Filter>
    </ClCompile>
    <ClCompile Include="Step3.cpp">
      <Filter>Source Files</Filter>
    </ClCompile>
    <ClCompile Include="Step4.cpp">
      <Filter>Source Files</Filter>
    </ClCompile>
  </ItemGroup>
  <ItemGroup>
    <ResourceCompile Include="RepairMeshes.rc">
      <Filter>Resource Files</Filter>
    </ResourceCompile>
  </ItemGroup>
  <ItemGroup>
    <None Include="res\RepairMeshes.rc2">
      <Filter>Resource Files</Filter>
    </None>
  </ItemGroup>
  <ItemGroup>
    <Image Include="res\RepairMeshes.ico">
      <Filter>Resource Files</Filter>
    </Image>
  </ItemGroup>
</Project>